
Microsoft Visual Studio Solution File, Format Version 12.00
# Visual Studio Version 17
VisualStudioVersion = 17.1.32407.343
MinimumVisualStudioVersion = 10.0.40219.1
Project("{FAE04EC0-301F-11D3-BF4B-00C04F79EFBC}") = "FineTuneRMFFConsoleApp", "FineTuneRMFFConsoleApp.csproj", "{FE1345D9-1E0A-49DC-9AA8-A296120A5654}"
EndProject
Project("{FAE04EC0-301F-11D3-BF4B-00C04F79EFBC}") = "FineTuneRMFFResultConsoleApp", "..\FineTuneRMFFResultConsoleApp\FineTuneRMFFResultConsoleApp.csproj", "{B4B751A4-A6CA-4178-92AD-B75D927BA6E5}"
EndProject
Global
	GlobalSection(SolutionConfigurationPlatforms) = preSolution
		Debug|Any CPU = Debug|Any CPU
		Release|Any CPU = Release|Any CPU
	EndGlobalSection
	GlobalSection(ProjectConfigurationPlatforms) = postSolution
		{FE1345D9-1E0A-49DC-9AA8-A296120A5654}.Debug|Any CPU.ActiveCfg = Debug|Any CPU
		{FE1345D9-1E0A-49DC-9AA8-A296120A5654}.Debug|Any CPU.Build.0 = Debug|Any CPU
		{FE1345D9-1E0A-49DC-9AA8-A296120A5654}.Release|Any CPU.ActiveCfg = Release|Any CPU
		{FE1345D9-1E0A-49DC-9AA8-A296120A5654}.Release|Any CPU.Build.0 = Release|Any CPU
		{B4B751A4-A6CA-4178-92AD-B75D927BA6E5}.Debug|Any CPU.ActiveCfg = Debug|Any CPU
		{B4B751A4-A6CA-4178-92AD-B75D927BA6E5}.Debug|Any CPU.Build.0 = Debug|Any CPU
		{B4B751A4-A6CA-4178-92AD-B75D927BA6E5}.Release|Any CPU.ActiveCfg = Release|Any CPU
		{B4B751A4-A6CA-4178-92AD-B75D927BA6E5}.Release|Any CPU.Build.0 = Release|Any CPU
	EndGlobalSection
	GlobalSection(SolutionProperties) = preSolution
		HideSolutionNode = FALSE
	EndGlobalSection
	GlobalSection(ExtensibilityGlobals) = postSolution
		SolutionGuid = {D03160A1-6D78-4CFA-A993-D2DF9EB4ADB4}
	EndGlobalSection
EndGlobal
