
Microsoft Visual Studio Solution File, Format Version 12.00
# Visual Studio Version 17
VisualStudioVersion = 17.1.32407.343
MinimumVisualStudioVersion = 10.0.40219.1
Project("{FAE04EC0-301F-11D3-BF4B-00C04F79EFBC}") = "FeatBit.Integration.Backend", "FeatBit.Integration.Backend.csproj", "{7A5F60ED-6B49-4D5E-916F-51C7E75DD360}"
EndProject
Global
	GlobalSection(SolutionConfigurationPlatforms) = preSolution
		Debug|Any CPU = Debug|Any CPU
		Release|Any CPU = Release|Any CPU
	EndGlobalSection
	GlobalSection(ProjectConfigurationPlatforms) = postSolution
		{43CB7631-71F3-4122-B102-84F111403596}.Debug|Any CPU.ActiveCfg = Debug|Any CPU
		{43CB7631-71F3-4122-B102-84F111403596}.Debug|Any CPU.Build.0 = Debug|Any CPU
		{43CB7631-71F3-4122-B102-84F111403596}.Debug|Any CPU.Deploy.0 = Debug|Any CPU
		{43CB7631-71F3-4122-B102-84F111403596}.Release|Any CPU.ActiveCfg = Release|Any CPU
		{43CB7631-71F3-4122-B102-84F111403596}.Release|Any CPU.Build.0 = Release|Any CPU
		{43CB7631-71F3-4122-B102-84F111403596}.Release|Any CPU.Deploy.0 = Release|Any CPU
		{7A5F60ED-6B49-4D5E-916F-51C7E75DD360}.Debug|Any CPU.ActiveCfg = Debug|Any CPU
		{7A5F60ED-6B49-4D5E-916F-51C7E75DD360}.Debug|Any CPU.Build.0 = Debug|Any CPU
		{7A5F60ED-6B49-4D5E-916F-51C7E75DD360}.Release|Any CPU.ActiveCfg = Release|Any CPU
		{7A5F60ED-6B49-4D5E-916F-51C7E75DD360}.Release|Any CPU.Build.0 = Release|Any CPU
	EndGlobalSection
	GlobalSection(SolutionProperties) = preSolution
		HideSolutionNode = FALSE
	EndGlobalSection
	GlobalSection(ExtensibilityGlobals) = postSolution
		SolutionGuid = {DD4AF4C7-EE3E-43B7-AC55-3BCC25DECB19}
	EndGlobalSection
EndGlobal
