
Microsoft Visual Studio Solution File, Format Version 12.00
# Visual Studio Version 16
VisualStudioVersion = 16.0.30114.105
MinimumVisualStudioVersion = 10.0.40219.1
Project("{2150E333-8FDC-42A3-9474-1A3956D46DE8}") = "src", "src", "{AD53E1CB-8316-4423-86F5-BA6679005839}"
EndProject
Project("{2150E333-8FDC-42A3-9474-1A3956D46DE8}") = "tests", "tests", "{3A631AD4-F16D-49F4-B3E7-D46F47F38782}"
EndProject
Project("{FAE04EC0-301F-11D3-BF4B-00C04F79EFBC}") = "Domain", "src\Domain\Domain.csproj", "{6303837C-13DC-45E3-A8DE-632FC304E87E}"
EndProject
Project("{FAE04EC0-301F-11D3-BF4B-00C04F79EFBC}") = "Infrastructure", "src\Infrastructure\Infrastructure.csproj", "{ABAFB5E2-1213-48C3-84FD-6094F84BCDFD}"
EndProject
Project("{FAE04EC0-301F-11D3-BF4B-00C04F79EFBC}") = "Api", "src\Api\Api.csproj", "{42F4779F-2780-4A33-B83D-A49E75CBE89F}"
EndProject
Project("{FAE04EC0-301F-11D3-BF4B-00C04F79EFBC}") = "Domain.UnitTests", "tests\Domain.UnitTests\Domain.UnitTests.csproj", "{2285E659-F1F6-4F65-A00D-9E766B60ABBF}"
EndProject
Project("{FAE04EC0-301F-11D3-BF4B-00C04F79EFBC}") = "Application.IntegrationTests", "tests\Application.IntegrationTests\Application.IntegrationTests.csproj", "{9A4D64CB-587B-428F-9075-E134DE451110}"
EndProject
Project("{FAE04EC0-301F-11D3-BF4B-00C04F79EFBC}") = "TestBase", "tests\TestBase\TestBase.csproj", "{F587EA9E-3453-45AF-9CD5-F4FBE8B7C7B2}"
EndProject
Project("{FAE04EC0-301F-11D3-BF4B-00C04F79EFBC}") = "Streaming", "src\Streaming\Streaming.csproj", "{3B776534-62A6-4AAF-BCF8-CCEC544E2DDD}"
EndProject
Project("{FAE04EC0-301F-11D3-BF4B-00C04F79EFBC}") = "Streaming.UnitTests", "tests\Streaming.UnitTests\Streaming.UnitTests.csproj", "{29325784-C5E3-4252-A886-B0B4F63DF50B}"
EndProject
Global
	GlobalSection(SolutionConfigurationPlatforms) = preSolution
		Debug|Any CPU = Debug|Any CPU
		Release|Any CPU = Release|Any CPU
	EndGlobalSection
	GlobalSection(SolutionProperties) = preSolution
		HideSolutionNode = FALSE
	EndGlobalSection
	GlobalSection(NestedProjects) = preSolution
		{6303837C-13DC-45E3-A8DE-632FC304E87E} = {AD53E1CB-8316-4423-86F5-BA6679005839}
		{ABAFB5E2-1213-48C3-84FD-6094F84BCDFD} = {AD53E1CB-8316-4423-86F5-BA6679005839}
		{42F4779F-2780-4A33-B83D-A49E75CBE89F} = {AD53E1CB-8316-4423-86F5-BA6679005839}
		{2285E659-F1F6-4F65-A00D-9E766B60ABBF} = {3A631AD4-F16D-49F4-B3E7-D46F47F38782}
		{9A4D64CB-587B-428F-9075-E134DE451110} = {3A631AD4-F16D-49F4-B3E7-D46F47F38782}
		{F587EA9E-3453-45AF-9CD5-F4FBE8B7C7B2} = {3A631AD4-F16D-49F4-B3E7-D46F47F38782}
		{3B776534-62A6-4AAF-BCF8-CCEC544E2DDD} = {AD53E1CB-8316-4423-86F5-BA6679005839}
		{29325784-C5E3-4252-A886-B0B4F63DF50B} = {3A631AD4-F16D-49F4-B3E7-D46F47F38782}
	EndGlobalSection
	GlobalSection(ProjectConfigurationPlatforms) = postSolution
		{6303837C-13DC-45E3-A8DE-632FC304E87E}.Debug|Any CPU.ActiveCfg = Debug|Any CPU
		{6303837C-13DC-45E3-A8DE-632FC304E87E}.Debug|Any CPU.Build.0 = Debug|Any CPU
		{6303837C-13DC-45E3-A8DE-632FC304E87E}.Release|Any CPU.ActiveCfg = Release|Any CPU
		{6303837C-13DC-45E3-A8DE-632FC304E87E}.Release|Any CPU.Build.0 = Release|Any CPU
		{ABAFB5E2-1213-48C3-84FD-6094F84BCDFD}.Debug|Any CPU.ActiveCfg = Debug|Any CPU
		{ABAFB5E2-1213-48C3-84FD-6094F84BCDFD}.Debug|Any CPU.Build.0 = Debug|Any CPU
		{ABAFB5E2-1213-48C3-84FD-6094F84BCDFD}.Release|Any CPU.ActiveCfg = Release|Any CPU
		{ABAFB5E2-1213-48C3-84FD-6094F84BCDFD}.Release|Any CPU.Build.0 = Release|Any CPU
		{42F4779F-2780-4A33-B83D-A49E75CBE89F}.Debug|Any CPU.ActiveCfg = Debug|Any CPU
		{42F4779F-2780-4A33-B83D-A49E75CBE89F}.Debug|Any CPU.Build.0 = Debug|Any CPU
		{42F4779F-2780-4A33-B83D-A49E75CBE89F}.Release|Any CPU.ActiveCfg = Release|Any CPU
		{42F4779F-2780-4A33-B83D-A49E75CBE89F}.Release|Any CPU.Build.0 = Release|Any CPU
		{2285E659-F1F6-4F65-A00D-9E766B60ABBF}.Debug|Any CPU.ActiveCfg = Debug|Any CPU
		{2285E659-F1F6-4F65-A00D-9E766B60ABBF}.Debug|Any CPU.Build.0 = Debug|Any CPU
		{2285E659-F1F6-4F65-A00D-9E766B60ABBF}.Release|Any CPU.ActiveCfg = Release|Any CPU
		{2285E659-F1F6-4F65-A00D-9E766B60ABBF}.Release|Any CPU.Build.0 = Release|Any CPU
		{9A4D64CB-587B-428F-9075-E134DE451110}.Debug|Any CPU.ActiveCfg = Debug|Any CPU
		{9A4D64CB-587B-428F-9075-E134DE451110}.Debug|Any CPU.Build.0 = Debug|Any CPU
		{9A4D64CB-587B-428F-9075-E134DE451110}.Release|Any CPU.ActiveCfg = Release|Any CPU
		{9A4D64CB-587B-428F-9075-E134DE451110}.Release|Any CPU.Build.0 = Release|Any CPU
		{F587EA9E-3453-45AF-9CD5-F4FBE8B7C7B2}.Debug|Any CPU.ActiveCfg = Debug|Any CPU
		{F587EA9E-3453-45AF-9CD5-F4FBE8B7C7B2}.Debug|Any CPU.Build.0 = Debug|Any CPU
		{F587EA9E-3453-45AF-9CD5-F4FBE8B7C7B2}.Release|Any CPU.ActiveCfg = Release|Any CPU
		{F587EA9E-3453-45AF-9CD5-F4FBE8B7C7B2}.Release|Any CPU.Build.0 = Release|Any CPU
		{3B776534-62A6-4AAF-BCF8-CCEC544E2DDD}.Debug|Any CPU.ActiveCfg = Debug|Any CPU
		{3B776534-62A6-4AAF-BCF8-CCEC544E2DDD}.Debug|Any CPU.Build.0 = Debug|Any CPU
		{3B776534-62A6-4AAF-BCF8-CCEC544E2DDD}.Release|Any CPU.ActiveCfg = Release|Any CPU
		{3B776534-62A6-4AAF-BCF8-CCEC544E2DDD}.Release|Any CPU.Build.0 = Release|Any CPU
		{29325784-C5E3-4252-A886-B0B4F63DF50B}.Debug|Any CPU.ActiveCfg = Debug|Any CPU
		{29325784-C5E3-4252-A886-B0B4F63DF50B}.Debug|Any CPU.Build.0 = Debug|Any CPU
		{29325784-C5E3-4252-A886-B0B4F63DF50B}.Release|Any CPU.ActiveCfg = Release|Any CPU
		{29325784-C5E3-4252-A886-B0B4F63DF50B}.Release|Any CPU.Build.0 = Release|Any CPU
	EndGlobalSection
EndGlobal
