
Microsoft Visual Studio Solution File, Format Version 12.00
# Visual Studio Version 17
VisualStudioVersion = 17.1.32407.343
MinimumVisualStudioVersion = 10.0.40219.1
Project("{9A19103F-16F7-4668-BE54-9A1E7A4F7556}") = "Net7WebApi", "\Net7WebApi\Net7WebApi.csproj", "{780C6E9F-1F36-4FED-8F2F-BB5C1EA4A09E}"
EndProject
Project("{FAE04EC0-301F-11D3-BF4B-00C04F79EFBC}") = "T1Prompt", "\Prompt1\T1Prompt.csproj", "{EFBFBD8B-DC69-4782-94EA-953DD85C0A13}"
EndProject
Project("{FAE04EC0-301F-11D3-BF4B-00C04F79EFBC}") = "T1Completion", "\Completion1\T1Completion.csproj", "{C2B290CA-788F-4E67-8E0B-8A03600BE005}"
EndProject
Project("{FAE04EC0-301F-11D3-BF4B-00C04F79EFBC}") = "T2Prompt", "\Prompt2\T2Prompt.csproj", "{F5E616E3-BDCC-4425-AD31-CDB614290511}"
EndProject
Project("{FAE04EC0-301F-11D3-BF4B-00C04F79EFBC}") = "T3Prompt", "\Prompt3\T3Prompt.csproj", "{E0441CD2-7C1E-4CA8-AF3F-42CCFCFACE0A}"
EndProject
Project("{FAE04EC0-301F-11D3-BF4B-00C04F79EFBC}") = "Prompt4", "\Prompt4\Prompt4.csproj", "{19D6AFE1-CFE9-44E2-9BE6-27CB0306DE00}"
EndProject
Project("{FAE04EC0-301F-11D3-BF4B-00C04F79EFBC}") = "Prompt5", "\Prompt5\Prompt5.csproj", "{C31289E1-7002-4F30-8AE2-C406F603F55E}"
EndProject
Project("{FAE04EC0-301F-11D3-BF4B-00C04F79EFBC}") = "Prompt6", "\Prompt6\Prompt6.csproj", "{7B1F8769-1B47-494C-BC25-4D97863D0817}"
EndProject
Project("{FAE04EC0-301F-11D3-BF4B-00C04F79EFBC}") = "T2Completion", "\T2Completion\T2Completion.csproj", "{564D310F-BEBA-4F39-B4CE-8459849D5C13}"
EndProject
Global
	GlobalSection(SolutionConfigurationPlatforms) = preSolution
		Debug|Any CPU = Debug|Any CPU
		Release|Any CPU = Release|Any CPU
	EndGlobalSection
	GlobalSection(ProjectConfigurationPlatforms) = postSolution
		{780C6E9F-1F36-4FED-8F2F-BB5C1EA4A09E}.Debug|Any CPU.ActiveCfg = Debug|Any CPU
		{780C6E9F-1F36-4FED-8F2F-BB5C1EA4A09E}.Debug|Any CPU.Build.0 = Debug|Any CPU
		{780C6E9F-1F36-4FED-8F2F-BB5C1EA4A09E}.Release|Any CPU.ActiveCfg = Release|Any CPU
		{780C6E9F-1F36-4FED-8F2F-BB5C1EA4A09E}.Release|Any CPU.Build.0 = Release|Any CPU
		{EFBFBD8B-DC69-4782-94EA-953DD85C0A13}.Debug|Any CPU.ActiveCfg = Debug|Any CPU
		{EFBFBD8B-DC69-4782-94EA-953DD85C0A13}.Debug|Any CPU.Build.0 = Debug|Any CPU
		{EFBFBD8B-DC69-4782-94EA-953DD85C0A13}.Release|Any CPU.ActiveCfg = Release|Any CPU
		{EFBFBD8B-DC69-4782-94EA-953DD85C0A13}.Release|Any CPU.Build.0 = Release|Any CPU
		{C2B290CA-788F-4E67-8E0B-8A03600BE005}.Debug|Any CPU.ActiveCfg = Debug|Any CPU
		{C2B290CA-788F-4E67-8E0B-8A03600BE005}.Debug|Any CPU.Build.0 = Debug|Any CPU
		{C2B290CA-788F-4E67-8E0B-8A03600BE005}.Release|Any CPU.ActiveCfg = Release|Any CPU
		{C2B290CA-788F-4E67-8E0B-8A03600BE005}.Release|Any CPU.Build.0 = Release|Any CPU
		{F5E616E3-BDCC-4425-AD31-CDB614290511}.Debug|Any CPU.ActiveCfg = Debug|Any CPU
		{F5E616E3-BDCC-4425-AD31-CDB614290511}.Debug|Any CPU.Build.0 = Debug|Any CPU
		{F5E616E3-BDCC-4425-AD31-CDB614290511}.Release|Any CPU.ActiveCfg = Release|Any CPU
		{F5E616E3-BDCC-4425-AD31-CDB614290511}.Release|Any CPU.Build.0 = Release|Any CPU
		{E0441CD2-7C1E-4CA8-AF3F-42CCFCFACE0A}.Debug|Any CPU.ActiveCfg = Debug|Any CPU
		{E0441CD2-7C1E-4CA8-AF3F-42CCFCFACE0A}.Debug|Any CPU.Build.0 = Debug|Any CPU
		{E0441CD2-7C1E-4CA8-AF3F-42CCFCFACE0A}.Release|Any CPU.ActiveCfg = Release|Any CPU
		{E0441CD2-7C1E-4CA8-AF3F-42CCFCFACE0A}.Release|Any CPU.Build.0 = Release|Any CPU
		{19D6AFE1-CFE9-44E2-9BE6-27CB0306DE00}.Debug|Any CPU.ActiveCfg = Debug|Any CPU
		{19D6AFE1-CFE9-44E2-9BE6-27CB0306DE00}.Debug|Any CPU.Build.0 = Debug|Any CPU
		{19D6AFE1-CFE9-44E2-9BE6-27CB0306DE00}.Release|Any CPU.ActiveCfg = Release|Any CPU
		{19D6AFE1-CFE9-44E2-9BE6-27CB0306DE00}.Release|Any CPU.Build.0 = Release|Any CPU
		{C31289E1-7002-4F30-8AE2-C406F603F55E}.Debug|Any CPU.ActiveCfg = Debug|Any CPU
		{C31289E1-7002-4F30-8AE2-C406F603F55E}.Debug|Any CPU.Build.0 = Debug|Any CPU
		{C31289E1-7002-4F30-8AE2-C406F603F55E}.Release|Any CPU.ActiveCfg = Release|Any CPU
		{C31289E1-7002-4F30-8AE2-C406F603F55E}.Release|Any CPU.Build.0 = Release|Any CPU
		{7B1F8769-1B47-494C-BC25-4D97863D0817}.Debug|Any CPU.ActiveCfg = Debug|Any CPU
		{7B1F8769-1B47-494C-BC25-4D97863D0817}.Debug|Any CPU.Build.0 = Debug|Any CPU
		{7B1F8769-1B47-494C-BC25-4D97863D0817}.Release|Any CPU.ActiveCfg = Release|Any CPU
		{7B1F8769-1B47-494C-BC25-4D97863D0817}.Release|Any CPU.Build.0 = Release|Any CPU
		{564D310F-BEBA-4F39-B4CE-8459849D5C13}.Debug|Any CPU.ActiveCfg = Debug|Any CPU
		{564D310F-BEBA-4F39-B4CE-8459849D5C13}.Debug|Any CPU.Build.0 = Debug|Any CPU
		{564D310F-BEBA-4F39-B4CE-8459849D5C13}.Release|Any CPU.ActiveCfg = Release|Any CPU
		{564D310F-BEBA-4F39-B4CE-8459849D5C13}.Release|Any CPU.Build.0 = Release|Any CPU
	EndGlobalSection
	GlobalSection(SolutionProperties) = preSolution
		HideSolutionNode = FALSE
	EndGlobalSection
	GlobalSection(ExtensibilityGlobals) = postSolution
		SolutionGuid = {D03160A1-6D78-4CFA-A993-D2DF9EB4ADB4}
	EndGlobalSection
EndGlobal
