
Microsoft Visual Studio Solution File, Format Version 12.00
# Visual Studio Version 17
VisualStudioVersion = 17.1.32407.343
MinimumVisualStudioVersion = 10.0.40219.1
Project("{9A19103F-16F7-4668-BE54-9A1E7A4F7556}") = "T1Prompt", "Prompt1\T1Prompt.csproj", "{85E1C57E-8CFE-416A-9BDB-9D4BC5309C62}"
EndProject
Project("{9A19103F-16F7-4668-BE54-9A1E7A4F7556}") = "T2Prompt", "Prompt2\T2Prompt.csproj", "{5041377C-7872-4D2D-8838-F15A4778E5C1}"
EndProject
Project("{9A19103F-16F7-4668-BE54-9A1E7A4F7556}") = "T3Prompt", "Prompt3\T3Prompt.csproj", "{2B1D1591-26DC-42FD-B4E5-F501DDFAA9B1}"
EndProject
Project("{9A19103F-16F7-4668-BE54-9A1E7A4F7556}") = "T4Prompt", "Prompt4\T4Prompt.csproj", "{6839076F-2A96-43E3-9412-C6180D3459E4}"
EndProject
Project("{FAE04EC0-301F-11D3-BF4B-00C04F79EFBC}") = "U1Prompt", "U1Prompt\U1Prompt.csproj", "{52009E62-1289-47D0-9FA9-A01C6F57EA03}"
EndProject
Project("{FAE04EC0-301F-11D3-BF4B-00C04F79EFBC}") = "T5Prompt", "T5Prompt\T5Prompt.csproj", "{97A120DD-C048-4610-8A62-6938FB3698A2}"
EndProject
Project("{FAE04EC0-301F-11D3-BF4B-00C04F79EFBC}") = "T6Prompt", "T6Prompt\T6Prompt.csproj", "{258C7AD8-9996-4104-B7DE-B1AFC7BD592A}"
EndProject
Project("{FAE04EC0-301F-11D3-BF4B-00C04F79EFBC}") = "T7Prompt", "T7Prompt\T7Prompt.csproj", "{CBBFEDA6-9840-4D2B-9E87-3B138F6CE958}"
EndProject
Global
	GlobalSection(SolutionConfigurationPlatforms) = preSolution
		Debug|Any CPU = Debug|Any CPU
		Release|Any CPU = Release|Any CPU
	EndGlobalSection
	GlobalSection(ProjectConfigurationPlatforms) = postSolution
		{85E1C57E-8CFE-416A-9BDB-9D4BC5309C62}.Debug|Any CPU.ActiveCfg = Debug|Any CPU
		{85E1C57E-8CFE-416A-9BDB-9D4BC5309C62}.Debug|Any CPU.Build.0 = Debug|Any CPU
		{85E1C57E-8CFE-416A-9BDB-9D4BC5309C62}.Release|Any CPU.ActiveCfg = Release|Any CPU
		{85E1C57E-8CFE-416A-9BDB-9D4BC5309C62}.Release|Any CPU.Build.0 = Release|Any CPU
		{5041377C-7872-4D2D-8838-F15A4778E5C1}.Debug|Any CPU.ActiveCfg = Debug|Any CPU
		{5041377C-7872-4D2D-8838-F15A4778E5C1}.Debug|Any CPU.Build.0 = Debug|Any CPU
		{5041377C-7872-4D2D-8838-F15A4778E5C1}.Release|Any CPU.ActiveCfg = Release|Any CPU
		{5041377C-7872-4D2D-8838-F15A4778E5C1}.Release|Any CPU.Build.0 = Release|Any CPU
		{2B1D1591-26DC-42FD-B4E5-F501DDFAA9B1}.Debug|Any CPU.ActiveCfg = Debug|Any CPU
		{2B1D1591-26DC-42FD-B4E5-F501DDFAA9B1}.Debug|Any CPU.Build.0 = Debug|Any CPU
		{2B1D1591-26DC-42FD-B4E5-F501DDFAA9B1}.Release|Any CPU.ActiveCfg = Release|Any CPU
		{2B1D1591-26DC-42FD-B4E5-F501DDFAA9B1}.Release|Any CPU.Build.0 = Release|Any CPU
		{6839076F-2A96-43E3-9412-C6180D3459E4}.Debug|Any CPU.ActiveCfg = Debug|Any CPU
		{6839076F-2A96-43E3-9412-C6180D3459E4}.Debug|Any CPU.Build.0 = Debug|Any CPU
		{6839076F-2A96-43E3-9412-C6180D3459E4}.Release|Any CPU.ActiveCfg = Release|Any CPU
		{6839076F-2A96-43E3-9412-C6180D3459E4}.Release|Any CPU.Build.0 = Release|Any CPU
		{52009E62-1289-47D0-9FA9-A01C6F57EA03}.Debug|Any CPU.ActiveCfg = Debug|Any CPU
		{52009E62-1289-47D0-9FA9-A01C6F57EA03}.Debug|Any CPU.Build.0 = Debug|Any CPU
		{52009E62-1289-47D0-9FA9-A01C6F57EA03}.Release|Any CPU.ActiveCfg = Release|Any CPU
		{52009E62-1289-47D0-9FA9-A01C6F57EA03}.Release|Any CPU.Build.0 = Release|Any CPU
		{97A120DD-C048-4610-8A62-6938FB3698A2}.Debug|Any CPU.ActiveCfg = Debug|Any CPU
		{97A120DD-C048-4610-8A62-6938FB3698A2}.Debug|Any CPU.Build.0 = Debug|Any CPU
		{97A120DD-C048-4610-8A62-6938FB3698A2}.Release|Any CPU.ActiveCfg = Release|Any CPU
		{97A120DD-C048-4610-8A62-6938FB3698A2}.Release|Any CPU.Build.0 = Release|Any CPU
		{258C7AD8-9996-4104-B7DE-B1AFC7BD592A}.Debug|Any CPU.ActiveCfg = Debug|Any CPU
		{258C7AD8-9996-4104-B7DE-B1AFC7BD592A}.Debug|Any CPU.Build.0 = Debug|Any CPU
		{258C7AD8-9996-4104-B7DE-B1AFC7BD592A}.Release|Any CPU.ActiveCfg = Release|Any CPU
		{258C7AD8-9996-4104-B7DE-B1AFC7BD592A}.Release|Any CPU.Build.0 = Release|Any CPU
		{CBBFEDA6-9840-4D2B-9E87-3B138F6CE958}.Debug|Any CPU.ActiveCfg = Debug|Any CPU
		{CBBFEDA6-9840-4D2B-9E87-3B138F6CE958}.Debug|Any CPU.Build.0 = Debug|Any CPU
		{CBBFEDA6-9840-4D2B-9E87-3B138F6CE958}.Release|Any CPU.ActiveCfg = Release|Any CPU
		{CBBFEDA6-9840-4D2B-9E87-3B138F6CE958}.Release|Any CPU.Build.0 = Release|Any CPU
	EndGlobalSection
	GlobalSection(SolutionProperties) = preSolution
		HideSolutionNode = FALSE
	EndGlobalSection
	GlobalSection(ExtensibilityGlobals) = postSolution
		SolutionGuid = {D03160A1-6D78-4CFA-A993-D2DF9EB4ADB4}
	EndGlobalSection
EndGlobal
