<Solution>
  <Configurations>
    <Platform Name="Any CPU" />
    <Platform Name="x64" />
    <Platform Name="x86" />
  </Configurations>
  <Folder Name="/src/">
    <Project Path="src/Api/Api.csproj" />
    <Project Path="src/Application/Application.csproj" />
    <Project Path="src/Domain/Domain.csproj" />
    <Project Path="src/Infrastructure/Infrastructure.csproj" />
  </Folder>
  <Folder Name="/tests/">
    <Project Path="tests/Api.UnitTests/Api.UnitTests.csproj" />
    <Project Path="tests/Application.IntegrationTests/Application.IntegrationTests.csproj" />
    <Project Path="tests/Application.UnitTests/Application.UnitTests.csproj" />
    <Project Path="tests/Domain.UnitTests/Domain.UnitTests.csproj" />
    <Project Path="tests/Infrastructure.IntegrationTests/Infrastructure.IntegrationTests.csproj" />
    <Project Path="tests/Infrastructure.UnitTests/Infrastructure.UnitTests.csproj" />
    <Project Path="tests/TestBase/TestBase.csproj" />
  </Folder>
</Solution>
